
Microsoft Visual Studio Solution File, Format Version 12.00
Project("{FAE04EC0-301F-11D3-BF4B-00C04F79EFBC}") = "Ecclesiastical.Treasury.App", "Ecclesiastical.Treasury.App\Ecclesiastical.Treasury.App.csproj", "{81F80F4A-1871-4B2B-85AB-83CFEFAADC2B}"
EndProject
Global
	GlobalSection(SolutionConfigurationPlatforms) = preSolution
		Debug|Any CPU = Debug|Any CPU
		Release|Any CPU = Release|Any CPU
	EndGlobalSection
	GlobalSection(ProjectConfigurationPlatforms) = postSolution
		{81F80F4A-1871-4B2B-85AB-83CFEFAADC2B}.Debug|Any CPU.ActiveCfg = Debug|Any CPU
		{81F80F4A-1871-4B2B-85AB-83CFEFAADC2B}.Debug|Any CPU.Build.0 = Debug|Any CPU
		{81F80F4A-1871-4B2B-85AB-83CFEFAADC2B}.Release|Any CPU.ActiveCfg = Release|Any CPU
		{81F80F4A-1871-4B2B-85AB-83CFEFAADC2B}.Release|Any CPU.Build.0 = Release|Any CPU
	EndGlobalSection
EndGlobal
